
Microsoft Visual Studio Solution File, Format Version 12.00
# Visual Studio 14
VisualStudioVersion = 14.0.24720.0
MinimumVisualStudioVersion = 10.0.40219.1
Project("{FAE04EC0-301F-11D3-BF4B-00C04F79EFBC}") = "PI.Service", "PI.Service\PI.Service.csproj", "{94950D65-91E5-42B4-A329-1F295DECA7FB}"
EndProject
Project("{FAE04EC0-301F-11D3-BF4B-00C04F79EFBC}") = "PI.Business", "PI.Business\PI.Business.csproj", "{D6F56F05-63EE-4D5C-811F-A0B56E1F5FAD}"
EndProject
Project("{FAE04EC0-301F-11D3-BF4B-00C04F79EFBC}") = "PI.Business.Test", "PI.Business.Test\PI.Business.Test.csproj", "{F115E2E7-3F1C-4304-A570-D3A817DC18C1}"
EndProject
Project("{FAE04EC0-301F-11D3-BF4B-00C04F79EFBC}") = "PI.Data", "PI.Data\PI.Data.csproj", "{B7D11311-92A2-407A-9000-2D63E1077D46}"
EndProject
Project("{E24C65DC-7377-472B-9ABA-BC803B73C61A}") = "PI.Web", "PI.Web\", "{4FEE0830-87BD-44E8-A826-97E159C6ED3C}"
	ProjectSection(WebsiteProperties) = preProject
		TargetFrameworkMoniker = ".NETFramework,Version%3Dv4.0"
		Debug.AspNetCompiler.VirtualPath = "/localhost_63874"
		Debug.AspNetCompiler.PhysicalPath = "PI.Web\"
		Debug.AspNetCompiler.TargetPath = "PrecompiledWeb\localhost_63874\"
		Debug.AspNetCompiler.Updateable = "true"
		Debug.AspNetCompiler.ForceOverwrite = "true"
		Debug.AspNetCompiler.FixedNames = "false"
		Debug.AspNetCompiler.Debug = "True"
		Release.AspNetCompiler.VirtualPath = "/localhost_63874"
		Release.AspNetCompiler.PhysicalPath = "PI.Web\"
		Release.AspNetCompiler.TargetPath = "PrecompiledWeb\localhost_63874\"
		Release.AspNetCompiler.Updateable = "true"
		Release.AspNetCompiler.ForceOverwrite = "true"
		Release.AspNetCompiler.FixedNames = "false"
		Release.AspNetCompiler.Debug = "False"
		VWDPort = "63874"
		SlnRelativePath = "PI.Web\"
	EndProjectSection
EndProject
Global
	GlobalSection(SolutionConfigurationPlatforms) = preSolution
		Debug|Any CPU = Debug|Any CPU
		Release|Any CPU = Release|Any CPU
	EndGlobalSection
	GlobalSection(ProjectConfigurationPlatforms) = postSolution
		{94950D65-91E5-42B4-A329-1F295DECA7FB}.Debug|Any CPU.ActiveCfg = Debug|Any CPU
		{94950D65-91E5-42B4-A329-1F295DECA7FB}.Debug|Any CPU.Build.0 = Debug|Any CPU
		{94950D65-91E5-42B4-A329-1F295DECA7FB}.Release|Any CPU.ActiveCfg = Release|Any CPU
		{94950D65-91E5-42B4-A329-1F295DECA7FB}.Release|Any CPU.Build.0 = Release|Any CPU
		{D6F56F05-63EE-4D5C-811F-A0B56E1F5FAD}.Debug|Any CPU.ActiveCfg = Debug|Any CPU
		{D6F56F05-63EE-4D5C-811F-A0B56E1F5FAD}.Debug|Any CPU.Build.0 = Debug|Any CPU
		{D6F56F05-63EE-4D5C-811F-A0B56E1F5FAD}.Release|Any CPU.ActiveCfg = Release|Any CPU
		{D6F56F05-63EE-4D5C-811F-A0B56E1F5FAD}.Release|Any CPU.Build.0 = Release|Any CPU
		{F115E2E7-3F1C-4304-A570-D3A817DC18C1}.Debug|Any CPU.ActiveCfg = Debug|Any CPU
		{F115E2E7-3F1C-4304-A570-D3A817DC18C1}.Debug|Any CPU.Build.0 = Debug|Any CPU
		{F115E2E7-3F1C-4304-A570-D3A817DC18C1}.Release|Any CPU.ActiveCfg = Release|Any CPU
		{F115E2E7-3F1C-4304-A570-D3A817DC18C1}.Release|Any CPU.Build.0 = Release|Any CPU
		{B7D11311-92A2-407A-9000-2D63E1077D46}.Debug|Any CPU.ActiveCfg = Debug|Any CPU
		{B7D11311-92A2-407A-9000-2D63E1077D46}.Debug|Any CPU.Build.0 = Debug|Any CPU
		{B7D11311-92A2-407A-9000-2D63E1077D46}.Release|Any CPU.ActiveCfg = Release|Any CPU
		{B7D11311-92A2-407A-9000-2D63E1077D46}.Release|Any CPU.Build.0 = Release|Any CPU
		{4FEE0830-87BD-44E8-A826-97E159C6ED3C}.Debug|Any CPU.ActiveCfg = Debug|Any CPU
		{4FEE0830-87BD-44E8-A826-97E159C6ED3C}.Debug|Any CPU.Build.0 = Debug|Any CPU
		{4FEE0830-87BD-44E8-A826-97E159C6ED3C}.Release|Any CPU.ActiveCfg = Debug|Any CPU
		{4FEE0830-87BD-44E8-A826-97E159C6ED3C}.Release|Any CPU.Build.0 = Debug|Any CPU
	EndGlobalSection
	GlobalSection(SolutionProperties) = preSolution
		HideSolutionNode = FALSE
	EndGlobalSection
EndGlobal
