
Microsoft Visual Studio Solution File, Format Version 12.00
# Visual Studio 14
VisualStudioVersion = 14.0.25420.1
MinimumVisualStudioVersion = 10.0.40219.1
Project("{FAE04EC0-301F-11D3-BF4B-00C04F79EFBC}") = "PI.Service", "PI.Service\PI.Service.csproj", "{94950D65-91E5-42B4-A329-1F295DECA7FB}"
EndProject
Project("{FAE04EC0-301F-11D3-BF4B-00C04F79EFBC}") = "PI.Business", "PI.Business\PI.Business.csproj", "{D6F56F05-63EE-4D5C-811F-A0B56E1F5FAD}"
EndProject
Project("{FAE04EC0-301F-11D3-BF4B-00C04F79EFBC}") = "PI.Data", "PI.Data\PI.Data.csproj", "{B7D11311-92A2-407A-9000-2D63E1077D46}"
EndProject
Project("{FAE04EC0-301F-11D3-BF4B-00C04F79EFBC}") = "PI.Contract", "PI.Contract\PI.Contract.csproj", "{0BCEC1ED-5806-497E-A887-421B18F8D24A}"
EndProject
Project("{FAE04EC0-301F-11D3-BF4B-00C04F79EFBC}") = "PI.Common", "PI.Common\PI.Common.csproj", "{3B127EC2-7A08-48BA-A78A-3FB148806A6D}"
EndProject
Project("{FAE04EC0-301F-11D3-BF4B-00C04F79EFBC}") = "PI.Notifications", "PI.Notifications\PI.Notifications.csproj", "{005DE140-7F51-4A1F-8860-374BAD17B020}"
EndProject
Project("{FAE04EC0-301F-11D3-BF4B-00C04F79EFBC}") = "PI.WebApp", "PI.WebApp\PI.WebApp.csproj", "{29611547-6B72-425B-A0E6-B380C9F41252}"
EndProject
Project("{FAE04EC0-301F-11D3-BF4B-00C04F79EFBC}") = "PI.AzureFileStorageManager", "AzureMediaManager\PI.AzureFileStorageManager.csproj", "{272B5E98-13CC-4EB1-8C55-64519E5931FF}"
EndProject
Project("{FAE04EC0-301F-11D3-BF4B-00C04F79EFBC}") = "PI.Business.Test", "PI.Business.Test\PI.Business.Test.csproj", "{9D37F341-B371-4BF5-A76B-25C2E4E214E4}"
EndProject
Project("{FAE04EC0-301F-11D3-BF4B-00C04F79EFBC}") = "PI.StatusUpdater", "PI.StatusUpdater\PI.StatusUpdater.csproj", "{607F5DAD-376E-48AA-AF80-4BB613E81EEF}"
EndProject
Project("{CC5FD16D-436D-48AD-A40C-5A424C6E3E79}") = "ShipmentWorkerRole", "ShipmentWorkerRole\ShipmentWorkerRole.ccproj", "{4CD78AE6-EF32-421F-A201-D22721319A4E}"
EndProject
Project("{FAE04EC0-301F-11D3-BF4B-00C04F79EFBC}") = "WorkerRoleWithSBQueue2", "WorkerRoleWithSBQueue2\WorkerRoleWithSBQueue2.csproj", "{C50DFD70-7F17-4C54-BB51-821028808F73}"
EndProject
Global
	GlobalSection(SolutionConfigurationPlatforms) = preSolution
		Debug|Any CPU = Debug|Any CPU
		Release|Any CPU = Release|Any CPU
	EndGlobalSection
	GlobalSection(ProjectConfigurationPlatforms) = postSolution
		{94950D65-91E5-42B4-A329-1F295DECA7FB}.Debug|Any CPU.ActiveCfg = Debug|Any CPU
		{94950D65-91E5-42B4-A329-1F295DECA7FB}.Debug|Any CPU.Build.0 = Debug|Any CPU
		{94950D65-91E5-42B4-A329-1F295DECA7FB}.Release|Any CPU.ActiveCfg = Release|Any CPU
		{94950D65-91E5-42B4-A329-1F295DECA7FB}.Release|Any CPU.Build.0 = Release|Any CPU
		{D6F56F05-63EE-4D5C-811F-A0B56E1F5FAD}.Debug|Any CPU.ActiveCfg = Debug|Any CPU
		{D6F56F05-63EE-4D5C-811F-A0B56E1F5FAD}.Debug|Any CPU.Build.0 = Debug|Any CPU
		{D6F56F05-63EE-4D5C-811F-A0B56E1F5FAD}.Release|Any CPU.ActiveCfg = Release|Any CPU
		{D6F56F05-63EE-4D5C-811F-A0B56E1F5FAD}.Release|Any CPU.Build.0 = Release|Any CPU
		{B7D11311-92A2-407A-9000-2D63E1077D46}.Debug|Any CPU.ActiveCfg = Debug|Any CPU
		{B7D11311-92A2-407A-9000-2D63E1077D46}.Debug|Any CPU.Build.0 = Debug|Any CPU
		{B7D11311-92A2-407A-9000-2D63E1077D46}.Release|Any CPU.ActiveCfg = Release|Any CPU
		{B7D11311-92A2-407A-9000-2D63E1077D46}.Release|Any CPU.Build.0 = Release|Any CPU
		{0BCEC1ED-5806-497E-A887-421B18F8D24A}.Debug|Any CPU.ActiveCfg = Debug|Any CPU
		{0BCEC1ED-5806-497E-A887-421B18F8D24A}.Debug|Any CPU.Build.0 = Debug|Any CPU
		{0BCEC1ED-5806-497E-A887-421B18F8D24A}.Release|Any CPU.ActiveCfg = Release|Any CPU
		{0BCEC1ED-5806-497E-A887-421B18F8D24A}.Release|Any CPU.Build.0 = Release|Any CPU
		{3B127EC2-7A08-48BA-A78A-3FB148806A6D}.Debug|Any CPU.ActiveCfg = Debug|Any CPU
		{3B127EC2-7A08-48BA-A78A-3FB148806A6D}.Debug|Any CPU.Build.0 = Debug|Any CPU
		{3B127EC2-7A08-48BA-A78A-3FB148806A6D}.Release|Any CPU.ActiveCfg = Release|Any CPU
		{3B127EC2-7A08-48BA-A78A-3FB148806A6D}.Release|Any CPU.Build.0 = Release|Any CPU
		{005DE140-7F51-4A1F-8860-374BAD17B020}.Debug|Any CPU.ActiveCfg = Debug|Any CPU
		{005DE140-7F51-4A1F-8860-374BAD17B020}.Debug|Any CPU.Build.0 = Debug|Any CPU
		{005DE140-7F51-4A1F-8860-374BAD17B020}.Release|Any CPU.ActiveCfg = Release|Any CPU
		{005DE140-7F51-4A1F-8860-374BAD17B020}.Release|Any CPU.Build.0 = Release|Any CPU
		{29611547-6B72-425B-A0E6-B380C9F41252}.Debug|Any CPU.ActiveCfg = Debug|Any CPU
		{29611547-6B72-425B-A0E6-B380C9F41252}.Debug|Any CPU.Build.0 = Debug|Any CPU
		{29611547-6B72-425B-A0E6-B380C9F41252}.Release|Any CPU.ActiveCfg = Release|Any CPU
		{29611547-6B72-425B-A0E6-B380C9F41252}.Release|Any CPU.Build.0 = Release|Any CPU
		{272B5E98-13CC-4EB1-8C55-64519E5931FF}.Debug|Any CPU.ActiveCfg = Debug|Any CPU
		{272B5E98-13CC-4EB1-8C55-64519E5931FF}.Debug|Any CPU.Build.0 = Debug|Any CPU
		{272B5E98-13CC-4EB1-8C55-64519E5931FF}.Release|Any CPU.ActiveCfg = Release|Any CPU
		{272B5E98-13CC-4EB1-8C55-64519E5931FF}.Release|Any CPU.Build.0 = Release|Any CPU
		{9D37F341-B371-4BF5-A76B-25C2E4E214E4}.Debug|Any CPU.ActiveCfg = Debug|Any CPU
		{9D37F341-B371-4BF5-A76B-25C2E4E214E4}.Debug|Any CPU.Build.0 = Debug|Any CPU
		{9D37F341-B371-4BF5-A76B-25C2E4E214E4}.Release|Any CPU.ActiveCfg = Release|Any CPU
		{9D37F341-B371-4BF5-A76B-25C2E4E214E4}.Release|Any CPU.Build.0 = Release|Any CPU
		{607F5DAD-376E-48AA-AF80-4BB613E81EEF}.Debug|Any CPU.ActiveCfg = Debug|Any CPU
		{607F5DAD-376E-48AA-AF80-4BB613E81EEF}.Debug|Any CPU.Build.0 = Debug|Any CPU
		{607F5DAD-376E-48AA-AF80-4BB613E81EEF}.Release|Any CPU.ActiveCfg = Release|Any CPU
		{607F5DAD-376E-48AA-AF80-4BB613E81EEF}.Release|Any CPU.Build.0 = Release|Any CPU
		{4CD78AE6-EF32-421F-A201-D22721319A4E}.Debug|Any CPU.ActiveCfg = Debug|Any CPU
		{4CD78AE6-EF32-421F-A201-D22721319A4E}.Debug|Any CPU.Build.0 = Debug|Any CPU
		{4CD78AE6-EF32-421F-A201-D22721319A4E}.Release|Any CPU.ActiveCfg = Release|Any CPU
		{4CD78AE6-EF32-421F-A201-D22721319A4E}.Release|Any CPU.Build.0 = Release|Any CPU
		{C50DFD70-7F17-4C54-BB51-821028808F73}.Debug|Any CPU.ActiveCfg = Debug|Any CPU
		{C50DFD70-7F17-4C54-BB51-821028808F73}.Debug|Any CPU.Build.0 = Debug|Any CPU
		{C50DFD70-7F17-4C54-BB51-821028808F73}.Release|Any CPU.ActiveCfg = Release|Any CPU
		{C50DFD70-7F17-4C54-BB51-821028808F73}.Release|Any CPU.Build.0 = Release|Any CPU
	EndGlobalSection
	GlobalSection(SolutionProperties) = preSolution
		HideSolutionNode = FALSE
	EndGlobalSection
EndGlobal
